// !$*UTF8*$!
{
	archiveVersion = 1;
	classes = {
	};
	objectVersion = 46;
	objects = {

/* Begin PBXBuildFile section */
		0865A5F81E9B62160081A7B0 /* LICENSE in Resources */ = {isa = PBXBuildFile; fileRef = 0865A5A61E9B62160081A7B0 /* LICENSE */; };
		0865A5F91E9B62170081A7B0 /* libcrypto.a in Frameworks */ = {isa = PBXBuildFile; fileRef = 0865A5F41E9B62160081A7B0 /* libcrypto.a */; };
		0865A5FA1E9B62170081A7B0 /* libssl.a in Frameworks */ = {isa = PBXBuildFile; fileRef = 0865A5F51E9B62160081A7B0 /* libssl.a */; };
		0865A5FB1E9B62170081A7B0 /* RMAppReceipt.m in Sources */ = {isa = PBXBuildFile; fileRef = 0865A5F71E9B62160081A7B0 /* RMAppReceipt.m */; };
		08817F411E97D198001BF679 /* MSRequestManager.m in Sources */ = {isa = PBXBuildFile; fileRef = 08817F401E97D198001BF679 /* MSRequestManager.m */; };
		08817F441E97D280001BF679 /* MSRequestToken.m in Sources */ = {isa = PBXBuildFile; fileRef = 08817F431E97D280001BF679 /* MSRequestToken.m */; };
		08817F4A1E97D3BD001BF679 /* MSRequestResponse.m in Sources */ = {isa = PBXBuildFile; fileRef = 08817F491E97D3BD001BF679 /* MSRequestResponse.m */; };
		08C4C2721E97C71000C0CE77 /* AppDelegate.m in Sources */ = {isa = PBXBuildFile; fileRef = 08C4C2681E97C71000C0CE77 /* AppDelegate.m */; };
		08C4C2731E97C71000C0CE77 /* ViewController.m in Sources */ = {isa = PBXBuildFile; fileRef = 08C4C26B1E97C71000C0CE77 /* ViewController.m */; };
		08C4C2741E97C71000C0CE77 /* Assets.xcassets in Resources */ = {isa = PBXBuildFile; fileRef = 08C4C26D1E97C71000C0CE77 /* Assets.xcassets */; };
		08C4C2761E97C71000C0CE77 /* LaunchScreen.storyboard in Resources */ = {isa = PBXBuildFile; fileRef = 08C4C26F1E97C71000C0CE77 /* LaunchScreen.storyboard */; };
		08C4C2771E97C71000C0CE77 /* main.m in Sources */ = {isa = PBXBuildFile; fileRef = 08C4C2701E97C71000C0CE77 /* main.m */; };
		08C4C2781E97C71000C0CE77 /* Main.storyboard in Resources */ = {isa = PBXBuildFile; fileRef = 08C4C2711E97C71000C0CE77 /* Main.storyboard */; };
		920FBA1D1E980CCA0082AF6F /* MSDataManager+Setup.m in Sources */ = {isa = PBXBuildFile; fileRef = 920FBA1C1E980CCA0082AF6F /* MSDataManager+Setup.m */; };
		920FBA201E9815D60082AF6F /* MSDataManager+Private.m in Sources */ = {isa = PBXBuildFile; fileRef = 920FBA1F1E9815D60082AF6F /* MSDataManager+Private.m */; };
		920FBA301E9832B40082AF6F /* HealthHelper.xcdatamodeld in Sources */ = {isa = PBXBuildFile; fileRef = 920FBA2D1E9832B40082AF6F /* HealthHelper.xcdatamodeld */; };
		920FBA431E9835840082AF6F /* HHUserManagedModel.m in Sources */ = {isa = PBXBuildFile; fileRef = 920FBA3F1E9835840082AF6F /* HHUserManagedModel.m */; };
		920FBA441E9835840082AF6F /* _HHUserManagedModel.m in Sources */ = {isa = PBXBuildFile; fileRef = 920FBA421E9835840082AF6F /* _HHUserManagedModel.m */; };
		92B335021E9803050062538C /* MSDataManager.m in Sources */ = {isa = PBXBuildFile; fileRef = 92B335011E9803050062538C /* MSDataManager.m */; };
		ECD90B03EE4DAB3AF5537740 /* libPods-HealthHelper.a in Frameworks */ = {isa = PBXBuildFile; fileRef = E293BBF818D0AD957A737451 /* libPods-HealthHelper.a */; };
/* End PBXBuildFile section */

/* Begin PBXFileReference section */
		0865A5A61E9B62160081A7B0 /* LICENSE */ = {isa = PBXFileReference; fileEncoding = 4; lastKnownFileType = text; path = LICENSE; sourceTree = "<group>"; };
		0865A5A81E9B62160081A7B0 /* aes.h */ = {isa = PBXFileReference; fileEncoding = 4; lastKnownFileType = sourcecode.c.h; path = aes.h; sourceTree = "<group>"; };
		0865A5A91E9B62160081A7B0 /* asn1.h */ = {isa = PBXFileReference; fileEncoding = 4; lastKnownFileType = sourcecode.c.h; path = asn1.h; sourceTree = "<group>"; };
		0865A5AA1E9B62160081A7B0 /* asn1_mac.h */ = {isa = PBXFileReference; fileEncoding = 4; lastKnownFileType = sourcecode.c.h; path = asn1_mac.h; sourceTree = "<group>"; };
		0865A5AB1E9B62160081A7B0 /* asn1t.h */ = {isa = PBXFileReference; fileEncoding = 4; lastKnownFileType = sourcecode.c.h; path = asn1t.h; sourceTree = "<group>"; };
		0865A5AC1E9B62160081A7B0 /* bio.h */ = {isa = PBXFileReference; fileEncoding = 4; lastKnownFileType = sourcecode.c.h; path = bio.h; sourceTree = "<group>"; };
		0865A5AD1E9B62160081A7B0 /* blowfish.h */ = {isa = PBXFileReference; fileEncoding = 4; lastKnownFileType = sourcecode.c.h; path = blowfish.h; sourceTree = "<group>"; };
		0865A5AE1E9B62160081A7B0 /* bn.h */ = {isa = PBXFileReference; fileEncoding = 4; lastKnownFileType = sourcecode.c.h; path = bn.h; sourceTree = "<group>"; };
		0865A5AF1E9B62160081A7B0 /* buffer.h */ = {isa = PBXFileReference; fileEncoding = 4; lastKnownFileType = sourcecode.c.h; path = buffer.h; sourceTree = "<group>"; };
		0865A5B01E9B62160081A7B0 /* camellia.h */ = {isa = PBXFileReference; fileEncoding = 4; lastKnownFileType = sourcecode.c.h; path = camellia.h; sourceTree = "<group>"; };
		0865A5B11E9B62160081A7B0 /* cast.h */ = {isa = PBXFileReference; fileEncoding = 4; lastKnownFileType = sourcecode.c.h; path = cast.h; sourceTree = "<group>"; };
		0865A5B21E9B62160081A7B0 /* cmac.h */ = {isa = PBXFileReference; fileEncoding = 4; lastKnownFileType = sourcecode.c.h; path = cmac.h; sourceTree = "<group>"; };
		0865A5B31E9B62160081A7B0 /* cms.h */ = {isa = PBXFileReference; fileEncoding = 4; lastKnownFileType = sourcecode.c.h; path = cms.h; sourceTree = "<group>"; };
		0865A5B41E9B62160081A7B0 /* comp.h */ = {isa = PBXFileReference; fileEncoding = 4; lastKnownFileType = sourcecode.c.h; path = comp.h; sourceTree = "<group>"; };
		0865A5B51E9B62160081A7B0 /* conf.h */ = {isa = PBXFileReference; fileEncoding = 4; lastKnownFileType = sourcecode.c.h; path = conf.h; sourceTree = "<group>"; };
		0865A5B61E9B62160081A7B0 /* conf_api.h */ = {isa = PBXFileReference; fileEncoding = 4; lastKnownFileType = sourcecode.c.h; path = conf_api.h; sourceTree = "<group>"; };
		0865A5B71E9B62160081A7B0 /* crypto.h */ = {isa = PBXFileReference; fileEncoding = 4; lastKnownFileType = sourcecode.c.h; path = crypto.h; sourceTree = "<group>"; };
		0865A5B81E9B62160081A7B0 /* des.h */ = {isa = PBXFileReference; fileEncoding = 4; lastKnownFileType = sourcecode.c.h; path = des.h; sourceTree = "<group>"; };
		0865A5B91E9B62160081A7B0 /* des_old.h */ = {isa = PBXFileReference; fileEncoding = 4; lastKnownFileType = sourcecode.c.h; path = des_old.h; sourceTree = "<group>"; };
		0865A5BA1E9B62160081A7B0 /* dh.h */ = {isa = PBXFileReference; fileEncoding = 4; lastKnownFileType = sourcecode.c.h; path = dh.h; sourceTree = "<group>"; };
		0865A5BB1E9B62160081A7B0 /* dsa.h */ = {isa = PBXFileReference; fileEncoding = 4; lastKnownFileType = sourcecode.c.h; path = dsa.h; sourceTree = "<group>"; };
		0865A5BC1E9B62160081A7B0 /* dso.h */ = {isa = PBXFileReference; fileEncoding = 4; lastKnownFileType = sourcecode.c.h; path = dso.h; sourceTree = "<group>"; };
		0865A5BD1E9B62160081A7B0 /* dtls1.h */ = {isa = PBXFileReference; fileEncoding = 4; lastKnownFileType = sourcecode.c.h; path = dtls1.h; sourceTree = "<group>"; };
		0865A5BE1E9B62160081A7B0 /* e_os2.h */ = {isa = PBXFileReference; fileEncoding = 4; lastKnownFileType = sourcecode.c.h; path = e_os2.h; sourceTree = "<group>"; };
		0865A5BF1E9B62160081A7B0 /* ebcdic.h */ = {isa = PBXFileReference; fileEncoding = 4; lastKnownFileType = sourcecode.c.h; path = ebcdic.h; sourceTree = "<group>"; };
		0865A5C01E9B62160081A7B0 /* ec.h */ = {isa = PBXFileReference; fileEncoding = 4; lastKnownFileType = sourcecode.c.h; path = ec.h; sourceTree = "<group>"; };
		0865A5C11E9B62160081A7B0 /* ecdh.h */ = {isa = PBXFileReference; fileEncoding = 4; lastKnownFileType = sourcecode.c.h; path = ecdh.h; sourceTree = "<group>"; };
		0865A5C21E9B62160081A7B0 /* ecdsa.h */ = {isa = PBXFileReference; fileEncoding = 4; lastKnownFileType = sourcecode.c.h; path = ecdsa.h; sourceTree = "<group>"; };
		0865A5C31E9B62160081A7B0 /* engine.h */ = {isa = PBXFileReference; fileEncoding = 4; lastKnownFileType = sourcecode.c.h; path = engine.h; sourceTree = "<group>"; };
		0865A5C41E9B62160081A7B0 /* err.h */ = {isa = PBXFileReference; fileEncoding = 4; lastKnownFileType = sourcecode.c.h; path = err.h; sourceTree = "<group>"; };
		0865A5C51E9B62160081A7B0 /* evp.h */ = {isa = PBXFileReference; fileEncoding = 4; lastKnownFileType = sourcecode.c.h; path = evp.h; sourceTree = "<group>"; };
		0865A5C61E9B62160081A7B0 /* hmac.h */ = {isa = PBXFileReference; fileEncoding = 4; lastKnownFileType = sourcecode.c.h; path = hmac.h; sourceTree = "<group>"; };
		0865A5C71E9B62160081A7B0 /* idea.h */ = {isa = PBXFileReference; fileEncoding = 4; lastKnownFileType = sourcecode.c.h; path = idea.h; sourceTree = "<group>"; };
		0865A5C81E9B62160081A7B0 /* krb5_asn.h */ = {isa = PBXFileReference; fileEncoding = 4; lastKnownFileType = sourcecode.c.h; path = krb5_asn.h; sourceTree = "<group>"; };
		0865A5C91E9B62160081A7B0 /* kssl.h */ = {isa = PBXFileReference; fileEncoding = 4; lastKnownFileType = sourcecode.c.h; path = kssl.h; sourceTree = "<group>"; };
		0865A5CA1E9B62160081A7B0 /* lhash.h */ = {isa = PBXFileReference; fileEncoding = 4; lastKnownFileType = sourcecode.c.h; path = lhash.h; sourceTree = "<group>"; };
		0865A5CB1E9B62160081A7B0 /* md4.h */ = {isa = PBXFileReference; fileEncoding = 4; lastKnownFileType = sourcecode.c.h; path = md4.h; sourceTree = "<group>"; };
		0865A5CC1E9B62160081A7B0 /* md5.h */ = {isa = PBXFileReference; fileEncoding = 4; lastKnownFileType = sourcecode.c.h; path = md5.h; sourceTree = "<group>"; };
		0865A5CD1E9B62160081A7B0 /* mdc2.h */ = {isa = PBXFileReference; fileEncoding = 4; lastKnownFileType = sourcecode.c.h; path = mdc2.h; sourceTree = "<group>"; };
		0865A5CE1E9B62160081A7B0 /* modes.h */ = {isa = PBXFileReference; fileEncoding = 4; lastKnownFileType = sourcecode.c.h; path = modes.h; sourceTree = "<group>"; };
		0865A5CF1E9B62160081A7B0 /* obj_mac.h */ = {isa = PBXFileReference; fileEncoding = 4; lastKnownFileType = sourcecode.c.h; path = obj_mac.h; sourceTree = "<group>"; };
		0865A5D01E9B62160081A7B0 /* objects.h */ = {isa = PBXFileReference; fileEncoding = 4; lastKnownFileType = sourcecode.c.h; path = objects.h; sourceTree = "<group>"; };
		0865A5D11E9B62160081A7B0 /* ocsp.h */ = {isa = PBXFileReference; fileEncoding = 4; lastKnownFileType = sourcecode.c.h; path = ocsp.h; sourceTree = "<group>"; };
		0865A5D21E9B62160081A7B0 /* opensslconf.h */ = {isa = PBXFileReference; fileEncoding = 4; lastKnownFileType = sourcecode.c.h; path = opensslconf.h; sourceTree = "<group>"; };
		0865A5D31E9B62160081A7B0 /* opensslv.h */ = {isa = PBXFileReference; fileEncoding = 4; lastKnownFileType = sourcecode.c.h; path = opensslv.h; sourceTree = "<group>"; };
		0865A5D41E9B62160081A7B0 /* ossl_typ.h */ = {isa = PBXFileReference; fileEncoding = 4; lastKnownFileType = sourcecode.c.h; path = ossl_typ.h; sourceTree = "<group>"; };
		0865A5D51E9B62160081A7B0 /* pem.h */ = {isa = PBXFileReference; fileEncoding = 4; lastKnownFileType = sourcecode.c.h; path = pem.h; sourceTree = "<group>"; };
		0865A5D61E9B62160081A7B0 /* pem2.h */ = {isa = PBXFileReference; fileEncoding = 4; lastKnownFileType = sourcecode.c.h; path = pem2.h; sourceTree = "<group>"; };
		0865A5D71E9B62160081A7B0 /* pkcs12.h */ = {isa = PBXFileReference; fileEncoding = 4; lastKnownFileType = sourcecode.c.h; path = pkcs12.h; sourceTree = "<group>"; };
		0865A5D81E9B62160081A7B0 /* pkcs7.h */ = {isa = PBXFileReference; fileEncoding = 4; lastKnownFileType = sourcecode.c.h; path = pkcs7.h; sourceTree = "<group>"; };
		0865A5D91E9B62160081A7B0 /* pqueue.h */ = {isa = PBXFileReference; fileEncoding = 4; lastKnownFileType = sourcecode.c.h; path = pqueue.h; sourceTree = "<group>"; };
		0865A5DA1E9B62160081A7B0 /* rand.h */ = {isa = PBXFileReference; fileEncoding = 4; lastKnownFileType = sourcecode.c.h; path = rand.h; sourceTree = "<group>"; };
		0865A5DB1E9B62160081A7B0 /* rc2.h */ = {isa = PBXFileReference; fileEncoding = 4; lastKnownFileType = sourcecode.c.h; path = rc2.h; sourceTree = "<group>"; };
		0865A5DC1E9B62160081A7B0 /* rc4.h */ = {isa = PBXFileReference; fileEncoding = 4; lastKnownFileType = sourcecode.c.h; path = rc4.h; sourceTree = "<group>"; };
		0865A5DD1E9B62160081A7B0 /* ripemd.h */ = {isa = PBXFileReference; fileEncoding = 4; lastKnownFileType = sourcecode.c.h; path = ripemd.h; sourceTree = "<group>"; };
		0865A5DE1E9B62160081A7B0 /* rsa.h */ = {isa = PBXFileReference; fileEncoding = 4; lastKnownFileType = sourcecode.c.h; path = rsa.h; sourceTree = "<group>"; };
		0865A5DF1E9B62160081A7B0 /* safestack.h */ = {isa = PBXFileReference; fileEncoding = 4; lastKnownFileType = sourcecode.c.h; path = safestack.h; sourceTree = "<group>"; };
		0865A5E01E9B62160081A7B0 /* seed.h */ = {isa = PBXFileReference; fileEncoding = 4; lastKnownFileType = sourcecode.c.h; path = seed.h; sourceTree = "<group>"; };
		0865A5E11E9B62160081A7B0 /* sha.h */ = {isa = PBXFileReference; fileEncoding = 4; lastKnownFileType = sourcecode.c.h; path = sha.h; sourceTree = "<group>"; };
		0865A5E21E9B62160081A7B0 /* srp.h */ = {isa = PBXFileReference; fileEncoding = 4; lastKnownFileType = sourcecode.c.h; path = srp.h; sourceTree = "<group>"; };
		0865A5E31E9B62160081A7B0 /* srtp.h */ = {isa = PBXFileReference; fileEncoding = 4; lastKnownFileType = sourcecode.c.h; path = srtp.h; sourceTree = "<group>"; };
		0865A5E41E9B62160081A7B0 /* ssl.h */ = {isa = PBXFileReference; fileEncoding = 4; lastKnownFileType = sourcecode.c.h; path = ssl.h; sourceTree = "<group>"; };
		0865A5E51E9B62160081A7B0 /* ssl2.h */ = {isa = PBXFileReference; fileEncoding = 4; lastKnownFileType = sourcecode.c.h; path = ssl2.h; sourceTree = "<group>"; };
		0865A5E61E9B62160081A7B0 /* ssl23.h */ = {isa = PBXFileReference; fileEncoding = 4; lastKnownFileType = sourcecode.c.h; path = ssl23.h; sourceTree = "<group>"; };
		0865A5E71E9B62160081A7B0 /* ssl3.h */ = {isa = PBXFileReference; fileEncoding = 4; lastKnownFileType = sourcecode.c.h; path = ssl3.h; sourceTree = "<group>"; };
		0865A5E81E9B62160081A7B0 /* stack.h */ = {isa = PBXFileReference; fileEncoding = 4; lastKnownFileType = sourcecode.c.h; path = stack.h; sourceTree = "<group>"; };
		0865A5E91E9B62160081A7B0 /* symhacks.h */ = {isa = PBXFileReference; fileEncoding = 4; lastKnownFileType = sourcecode.c.h; path = symhacks.h; sourceTree = "<group>"; };
		0865A5EA1E9B62160081A7B0 /* tls1.h */ = {isa = PBXFileReference; fileEncoding = 4; lastKnownFileType = sourcecode.c.h; path = tls1.h; sourceTree = "<group>"; };
		0865A5EB1E9B62160081A7B0 /* ts.h */ = {isa = PBXFileReference; fileEncoding = 4; lastKnownFileType = sourcecode.c.h; path = ts.h; sourceTree = "<group>"; };
		0865A5EC1E9B62160081A7B0 /* txt_db.h */ = {isa = PBXFileReference; fileEncoding = 4; lastKnownFileType = sourcecode.c.h; path = txt_db.h; sourceTree = "<group>"; };
		0865A5ED1E9B62160081A7B0 /* ui.h */ = {isa = PBXFileReference; fileEncoding = 4; lastKnownFileType = sourcecode.c.h; path = ui.h; sourceTree = "<group>"; };
		0865A5EE1E9B62160081A7B0 /* ui_compat.h */ = {isa = PBXFileReference; fileEncoding = 4; lastKnownFileType = sourcecode.c.h; path = ui_compat.h; sourceTree = "<group>"; };
		0865A5EF1E9B62160081A7B0 /* whrlpool.h */ = {isa = PBXFileReference; fileEncoding = 4; lastKnownFileType = sourcecode.c.h; path = whrlpool.h; sourceTree = "<group>"; };
		0865A5F01E9B62160081A7B0 /* x509.h */ = {isa = PBXFileReference; fileEncoding = 4; lastKnownFileType = sourcecode.c.h; path = x509.h; sourceTree = "<group>"; };
		0865A5F11E9B62160081A7B0 /* x509_vfy.h */ = {isa = PBXFileReference; fileEncoding = 4; lastKnownFileType = sourcecode.c.h; path = x509_vfy.h; sourceTree = "<group>"; };
		0865A5F21E9B62160081A7B0 /* x509v3.h */ = {isa = PBXFileReference; fileEncoding = 4; lastKnownFileType = sourcecode.c.h; path = x509v3.h; sourceTree = "<group>"; };
		0865A5F41E9B62160081A7B0 /* libcrypto.a */ = {isa = PBXFileReference; lastKnownFileType = archive.ar; path = libcrypto.a; sourceTree = "<group>"; };
		0865A5F51E9B62160081A7B0 /* libssl.a */ = {isa = PBXFileReference; lastKnownFileType = archive.ar; path = libssl.a; sourceTree = "<group>"; };
		0865A5F61E9B62160081A7B0 /* RMAppReceipt.h */ = {isa = PBXFileReference; fileEncoding = 4; lastKnownFileType = sourcecode.c.h; path = RMAppReceipt.h; sourceTree = "<group>"; };
		0865A5F71E9B62160081A7B0 /* RMAppReceipt.m */ = {isa = PBXFileReference; fileEncoding = 4; lastKnownFileType = sourcecode.c.objc; path = RMAppReceipt.m; sourceTree = "<group>"; };
		08817F3F1E97D198001BF679 /* MSRequestManager.h */ = {isa = PBXFileReference; fileEncoding = 4; lastKnownFileType = sourcecode.c.h; path = MSRequestManager.h; sourceTree = "<group>"; };
		08817F401E97D198001BF679 /* MSRequestManager.m */ = {isa = PBXFileReference; fileEncoding = 4; lastKnownFileType = sourcecode.c.objc; path = MSRequestManager.m; sourceTree = "<group>"; };
		08817F421E97D280001BF679 /* MSRequestToken.h */ = {isa = PBXFileReference; fileEncoding = 4; lastKnownFileType = sourcecode.c.h; path = MSRequestToken.h; sourceTree = "<group>"; };
		08817F431E97D280001BF679 /* MSRequestToken.m */ = {isa = PBXFileReference; fileEncoding = 4; lastKnownFileType = sourcecode.c.objc; path = MSRequestToken.m; sourceTree = "<group>"; };
		08817F451E97D2C2001BF679 /* MSRequestManagerConstants.h */ = {isa = PBXFileReference; fileEncoding = 4; lastKnownFileType = sourcecode.c.h; path = MSRequestManagerConstants.h; sourceTree = "<group>"; };
		08817F471E97D34D001BF679 /* MSRequestManagerProtocols.h */ = {isa = PBXFileReference; lastKnownFileType = sourcecode.c.h; path = MSRequestManagerProtocols.h; sourceTree = "<group>"; };
		08817F481E97D3BD001BF679 /* MSRequestResponse.h */ = {isa = PBXFileReference; fileEncoding = 4; lastKnownFileType = sourcecode.c.h; path = MSRequestResponse.h; sourceTree = "<group>"; };
		08817F491E97D3BD001BF679 /* MSRequestResponse.m */ = {isa = PBXFileReference; fileEncoding = 4; lastKnownFileType = sourcecode.c.objc; path = MSRequestResponse.m; sourceTree = "<group>"; };
		08817F4B1E97D4AA001BF679 /* MSRequestManager+Private.h */ = {isa = PBXFileReference; fileEncoding = 4; lastKnownFileType = sourcecode.c.h; path = "MSRequestManager+Private.h"; sourceTree = "<group>"; };
		08C4C24B1E97C5E600C0CE77 /* HealthHelper.app */ = {isa = PBXFileReference; explicitFileType = wrapper.application; includeInIndex = 0; path = HealthHelper.app; sourceTree = BUILT_PRODUCTS_DIR; };
		08C4C2671E97C71000C0CE77 /* AppDelegate.h */ = {isa = PBXFileReference; fileEncoding = 4; lastKnownFileType = sourcecode.c.h; path = AppDelegate.h; sourceTree = "<group>"; };
		08C4C2681E97C71000C0CE77 /* AppDelegate.m */ = {isa = PBXFileReference; fileEncoding = 4; lastKnownFileType = sourcecode.c.objc; path = AppDelegate.m; sourceTree = "<group>"; };
		08C4C26A1E97C71000C0CE77 /* ViewController.h */ = {isa = PBXFileReference; fileEncoding = 4; lastKnownFileType = sourcecode.c.h; path = ViewController.h; sourceTree = "<group>"; };
		08C4C26B1E97C71000C0CE77 /* ViewController.m */ = {isa = PBXFileReference; fileEncoding = 4; lastKnownFileType = sourcecode.c.objc; path = ViewController.m; sourceTree = "<group>"; };
		08C4C26D1E97C71000C0CE77 /* Assets.xcassets */ = {isa = PBXFileReference; lastKnownFileType = folder.assetcatalog; path = Assets.xcassets; sourceTree = "<group>"; };
		08C4C26E1E97C71000C0CE77 /* Info.plist */ = {isa = PBXFileReference; fileEncoding = 4; lastKnownFileType = text.plist.xml; path = Info.plist; sourceTree = "<group>"; };
		08C4C26F1E97C71000C0CE77 /* LaunchScreen.storyboard */ = {isa = PBXFileReference; fileEncoding = 4; lastKnownFileType = file.storyboard; path = LaunchScreen.storyboard; sourceTree = "<group>"; };
		08C4C2701E97C71000C0CE77 /* main.m */ = {isa = PBXFileReference; fileEncoding = 4; lastKnownFileType = sourcecode.c.objc; path = main.m; sourceTree = "<group>"; };
		08C4C2711E97C71000C0CE77 /* Main.storyboard */ = {isa = PBXFileReference; fileEncoding = 4; lastKnownFileType = file.storyboard; path = Main.storyboard; sourceTree = "<group>"; };
		8809DCF394A7720495D2C6D9 /* Pods-HealthHelper.debug.xcconfig */ = {isa = PBXFileReference; includeInIndex = 1; lastKnownFileType = text.xcconfig; name = "Pods-HealthHelper.debug.xcconfig"; path = "Pods/Target Support Files/Pods-HealthHelper/Pods-HealthHelper.debug.xcconfig"; sourceTree = "<group>"; };
		920FBA1A1E9809E80082AF6F /* MSDataManagerProtocols.h */ = {isa = PBXFileReference; fileEncoding = 4; lastKnownFileType = sourcecode.c.h; path = MSDataManagerProtocols.h; sourceTree = "<group>"; };
		920FBA1B1E980CCA0082AF6F /* MSDataManager+Setup.h */ = {isa = PBXFileReference; fileEncoding = 4; lastKnownFileType = sourcecode.c.h; path = "MSDataManager+Setup.h"; sourceTree = "<group>"; };
		920FBA1C1E980CCA0082AF6F /* MSDataManager+Setup.m */ = {isa = PBXFileReference; fileEncoding = 4; lastKnownFileType = sourcecode.c.objc; path = "MSDataManager+Setup.m"; sourceTree = "<group>"; };
		920FBA1E1E9815D60082AF6F /* MSDataManager+Private.h */ = {isa = PBXFileReference; fileEncoding = 4; lastKnownFileType = sourcecode.c.h; path = "MSDataManager+Private.h"; sourceTree = "<group>"; };
		920FBA1F1E9815D60082AF6F /* MSDataManager+Private.m */ = {isa = PBXFileReference; fileEncoding = 4; lastKnownFileType = sourcecode.c.objc; path = "MSDataManager+Private.m"; sourceTree = "<group>"; };
		920FBA2E1E9832B40082AF6F /* HealthHelper.xcdatamodel */ = {isa = PBXFileReference; lastKnownFileType = wrapper.xcdatamodel; path = HealthHelper.xcdatamodel; sourceTree = "<group>"; };
		920FBA321E9832D30082AF6F /* HealthHelper v1.1.xcdatamodel */ = {isa = PBXFileReference; lastKnownFileType = wrapper.xcdatamodel; path = "HealthHelper v1.1.xcdatamodel"; sourceTree = "<group>"; };
		920FBA3E1E9835840082AF6F /* HHUserManagedModel.h */ = {isa = PBXFileReference; fileEncoding = 4; lastKnownFileType = sourcecode.c.h; path = HHUserManagedModel.h; sourceTree = "<group>"; };
		920FBA3F1E9835840082AF6F /* HHUserManagedModel.m */ = {isa = PBXFileReference; fileEncoding = 4; lastKnownFileType = sourcecode.c.objc; path = HHUserManagedModel.m; sourceTree = "<group>"; };
		920FBA411E9835840082AF6F /* _HHUserManagedModel.h */ = {isa = PBXFileReference; fileEncoding = 4; lastKnownFileType = sourcecode.c.h; path = _HHUserManagedModel.h; sourceTree = "<group>"; };
		920FBA421E9835840082AF6F /* _HHUserManagedModel.m */ = {isa = PBXFileReference; fileEncoding = 4; lastKnownFileType = sourcecode.c.objc; path = _HHUserManagedModel.m; sourceTree = "<group>"; };
		92B335001E9803050062538C /* MSDataManager.h */ = {isa = PBXFileReference; fileEncoding = 4; lastKnownFileType = sourcecode.c.h; path = MSDataManager.h; sourceTree = "<group>"; };
		92B335011E9803050062538C /* MSDataManager.m */ = {isa = PBXFileReference; fileEncoding = 4; lastKnownFileType = sourcecode.c.objc; path = MSDataManager.m; sourceTree = "<group>"; };
		92B335031E9804A10062538C /* MSDataManagerConstants.h */ = {isa = PBXFileReference; lastKnownFileType = sourcecode.c.h; path = MSDataManagerConstants.h; sourceTree = "<group>"; };
		B864817EC2CB9CA234571E2C /* Pods-HealthHelper.release.xcconfig */ = {isa = PBXFileReference; includeInIndex = 1; lastKnownFileType = text.xcconfig; name = "Pods-HealthHelper.release.xcconfig"; path = "Pods/Target Support Files/Pods-HealthHelper/Pods-HealthHelper.release.xcconfig"; sourceTree = "<group>"; };
		E293BBF818D0AD957A737451 /* libPods-HealthHelper.a */ = {isa = PBXFileReference; explicitFileType = archive.ar; includeInIndex = 0; path = "libPods-HealthHelper.a"; sourceTree = BUILT_PRODUCTS_DIR; };
/* End PBXFileReference section */

/* Begin PBXFrameworksBuildPhase section */
		08C4C2481E97C5E600C0CE77 /* Frameworks */ = {
			isa = PBXFrameworksBuildPhase;
			buildActionMask = 2147483647;
			files = (
				0865A5F91E9B62170081A7B0 /* libcrypto.a in Frameworks */,
				ECD90B03EE4DAB3AF5537740 /* libPods-HealthHelper.a in Frameworks */,
				0865A5FA1E9B62170081A7B0 /* libssl.a in Frameworks */,
			);
			runOnlyForDeploymentPostprocessing = 0;
		};
/* End PBXFrameworksBuildPhase section */

/* Begin PBXGroup section */
		0865A4F21E9B5D550081A7B0 /* StoreManager */ = {
			isa = PBXGroup;
			children = (
				0865A5A31E9B62160081A7B0 /* Categories */,
				0865A5A41E9B62160081A7B0 /* openssl-1.0.1e */,
				0865A5F61E9B62160081A7B0 /* RMAppReceipt.h */,
				0865A5F71E9B62160081A7B0 /* RMAppReceipt.m */,
			);
			path = StoreManager;
			sourceTree = "<group>";
		};
		0865A5A31E9B62160081A7B0 /* Categories */ = {
			isa = PBXGroup;
			children = (
			);
			path = Categories;
			sourceTree = "<group>";
		};
		0865A5A41E9B62160081A7B0 /* openssl-1.0.1e */ = {
			isa = PBXGroup;
			children = (
				0865A5A51E9B62160081A7B0 /* include */,
				0865A5F31E9B62160081A7B0 /* lib */,
			);
			path = "openssl-1.0.1e";
			sourceTree = "<group>";
		};
		0865A5A51E9B62160081A7B0 /* include */ = {
			isa = PBXGroup;
			children = (
				0865A5A61E9B62160081A7B0 /* LICENSE */,
				0865A5A71E9B62160081A7B0 /* openssl */,
			);
			path = include;
			sourceTree = "<group>";
		};
		0865A5A71E9B62160081A7B0 /* openssl */ = {
			isa = PBXGroup;
			children = (
				0865A5A81E9B62160081A7B0 /* aes.h */,
				0865A5A91E9B62160081A7B0 /* asn1.h */,
				0865A5AA1E9B62160081A7B0 /* asn1_mac.h */,
				0865A5AB1E9B62160081A7B0 /* asn1t.h */,
				0865A5AC1E9B62160081A7B0 /* bio.h */,
				0865A5AD1E9B62160081A7B0 /* blowfish.h */,
				0865A5AE1E9B62160081A7B0 /* bn.h */,
				0865A5AF1E9B62160081A7B0 /* buffer.h */,
				0865A5B01E9B62160081A7B0 /* camellia.h */,
				0865A5B11E9B62160081A7B0 /* cast.h */,
				0865A5B21E9B62160081A7B0 /* cmac.h */,
				0865A5B31E9B62160081A7B0 /* cms.h */,
				0865A5B41E9B62160081A7B0 /* comp.h */,
				0865A5B51E9B62160081A7B0 /* conf.h */,
				0865A5B61E9B62160081A7B0 /* conf_api.h */,
				0865A5B71E9B62160081A7B0 /* crypto.h */,
				0865A5B81E9B62160081A7B0 /* des.h */,
				0865A5B91E9B62160081A7B0 /* des_old.h */,
				0865A5BA1E9B62160081A7B0 /* dh.h */,
				0865A5BB1E9B62160081A7B0 /* dsa.h */,
				0865A5BC1E9B62160081A7B0 /* dso.h */,
				0865A5BD1E9B62160081A7B0 /* dtls1.h */,
				0865A5BE1E9B62160081A7B0 /* e_os2.h */,
				0865A5BF1E9B62160081A7B0 /* ebcdic.h */,
				0865A5C01E9B62160081A7B0 /* ec.h */,
				0865A5C11E9B62160081A7B0 /* ecdh.h */,
				0865A5C21E9B62160081A7B0 /* ecdsa.h */,
				0865A5C31E9B62160081A7B0 /* engine.h */,
				0865A5C41E9B62160081A7B0 /* err.h */,
				0865A5C51E9B62160081A7B0 /* evp.h */,
				0865A5C61E9B62160081A7B0 /* hmac.h */,
				0865A5C71E9B62160081A7B0 /* idea.h */,
				0865A5C81E9B62160081A7B0 /* krb5_asn.h */,
				0865A5C91E9B62160081A7B0 /* kssl.h */,
				0865A5CA1E9B62160081A7B0 /* lhash.h */,
				0865A5CB1E9B62160081A7B0 /* md4.h */,
				0865A5CC1E9B62160081A7B0 /* md5.h */,
				0865A5CD1E9B62160081A7B0 /* mdc2.h */,
				0865A5CE1E9B62160081A7B0 /* modes.h */,
				0865A5CF1E9B62160081A7B0 /* obj_mac.h */,
				0865A5D01E9B62160081A7B0 /* objects.h */,
				0865A5D11E9B62160081A7B0 /* ocsp.h */,
				0865A5D21E9B62160081A7B0 /* opensslconf.h */,
				0865A5D31E9B62160081A7B0 /* opensslv.h */,
				0865A5D41E9B62160081A7B0 /* ossl_typ.h */,
				0865A5D51E9B62160081A7B0 /* pem.h */,
				0865A5D61E9B62160081A7B0 /* pem2.h */,
				0865A5D71E9B62160081A7B0 /* pkcs12.h */,
				0865A5D81E9B62160081A7B0 /* pkcs7.h */,
				0865A5D91E9B62160081A7B0 /* pqueue.h */,
				0865A5DA1E9B62160081A7B0 /* rand.h */,
				0865A5DB1E9B62160081A7B0 /* rc2.h */,
				0865A5DC1E9B62160081A7B0 /* rc4.h */,
				0865A5DD1E9B62160081A7B0 /* ripemd.h */,
				0865A5DE1E9B62160081A7B0 /* rsa.h */,
				0865A5DF1E9B62160081A7B0 /* safestack.h */,
				0865A5E01E9B62160081A7B0 /* seed.h */,
				0865A5E11E9B62160081A7B0 /* sha.h */,
				0865A5E21E9B62160081A7B0 /* srp.h */,
				0865A5E31E9B62160081A7B0 /* srtp.h */,
				0865A5E41E9B62160081A7B0 /* ssl.h */,
				0865A5E51E9B62160081A7B0 /* ssl2.h */,
				0865A5E61E9B62160081A7B0 /* ssl23.h */,
				0865A5E71E9B62160081A7B0 /* ssl3.h */,
				0865A5E81E9B62160081A7B0 /* stack.h */,
				0865A5E91E9B62160081A7B0 /* symhacks.h */,
				0865A5EA1E9B62160081A7B0 /* tls1.h */,
				0865A5EB1E9B62160081A7B0 /* ts.h */,
				0865A5EC1E9B62160081A7B0 /* txt_db.h */,
				0865A5ED1E9B62160081A7B0 /* ui.h */,
				0865A5EE1E9B62160081A7B0 /* ui_compat.h */,
				0865A5EF1E9B62160081A7B0 /* whrlpool.h */,
				0865A5F01E9B62160081A7B0 /* x509.h */,
				0865A5F11E9B62160081A7B0 /* x509_vfy.h */,
				0865A5F21E9B62160081A7B0 /* x509v3.h */,
			);
			path = openssl;
			sourceTree = "<group>";
		};
		0865A5F31E9B62160081A7B0 /* lib */ = {
			isa = PBXGroup;
			children = (
				0865A5F41E9B62160081A7B0 /* libcrypto.a */,
				0865A5F51E9B62160081A7B0 /* libssl.a */,
			);
			path = lib;
			sourceTree = "<group>";
		};
		08817F3E1E97D117001BF679 /* RequestManager */ = {
			isa = PBXGroup;
			children = (
				08817F451E97D2C2001BF679 /* MSRequestManagerConstants.h */,
				08817F471E97D34D001BF679 /* MSRequestManagerProtocols.h */,
				08817F3F1E97D198001BF679 /* MSRequestManager.h */,
				08817F401E97D198001BF679 /* MSRequestManager.m */,
				08817F4B1E97D4AA001BF679 /* MSRequestManager+Private.h */,
				08817F481E97D3BD001BF679 /* MSRequestResponse.h */,
				08817F491E97D3BD001BF679 /* MSRequestResponse.m */,
				08817F421E97D280001BF679 /* MSRequestToken.h */,
				08817F431E97D280001BF679 /* MSRequestToken.m */,
			);
			path = RequestManager;
			sourceTree = "<group>";
		};
		08C4C2421E97C5E600C0CE77 = {
			isa = PBXGroup;
			children = (
				92B334FD1E98029E0062538C /* HealthHelperCore */,
				08C4C2651E97C71000C0CE77 /* HealthHelper */,
				08C4C24C1E97C5E600C0CE77 /* Products */,
				67473C73A015FB472A263F8A /* Pods */,
				F320A326ADFB84C8187EB4BC /* Frameworks */,
			);
			sourceTree = "<group>";
		};
		08C4C24C1E97C5E600C0CE77 /* Products */ = {
			isa = PBXGroup;
			children = (
				08C4C24B1E97C5E600C0CE77 /* HealthHelper.app */,
			);
			name = Products;
			sourceTree = "<group>";
		};
		08C4C2651E97C71000C0CE77 /* HealthHelper */ = {
			isa = PBXGroup;
			children = (
				08C4C2661E97C71000C0CE77 /* AppDelegate */,
				08C4C2691E97C71000C0CE77 /* Source */,
				08C4C26C1E97C71000C0CE77 /* Supporting Files */,
			);
			path = HealthHelper;
			sourceTree = "<group>";
		};
		08C4C2661E97C71000C0CE77 /* AppDelegate */ = {
			isa = PBXGroup;
			children = (
				08C4C2671E97C71000C0CE77 /* AppDelegate.h */,
				08C4C2681E97C71000C0CE77 /* AppDelegate.m */,
			);
			path = AppDelegate;
			sourceTree = "<group>";
		};
		08C4C2691E97C71000C0CE77 /* Source */ = {
			isa = PBXGroup;
			children = (
				0865A4F21E9B5D550081A7B0 /* StoreManager */,
				08817F3E1E97D117001BF679 /* RequestManager */,
				08C4C26A1E97C71000C0CE77 /* ViewController.h */,
				08C4C26B1E97C71000C0CE77 /* ViewController.m */,
			);
			path = Source;
			sourceTree = "<group>";
		};
		08C4C26C1E97C71000C0CE77 /* Supporting Files */ = {
			isa = PBXGroup;
			children = (
				08C4C26D1E97C71000C0CE77 /* Assets.xcassets */,
				08C4C26E1E97C71000C0CE77 /* Info.plist */,
				08C4C26F1E97C71000C0CE77 /* LaunchScreen.storyboard */,
				08C4C2701E97C71000C0CE77 /* main.m */,
				08C4C2711E97C71000C0CE77 /* Main.storyboard */,
			);
			path = "Supporting Files";
			sourceTree = "<group>";
		};
		67473C73A015FB472A263F8A /* Pods */ = {
			isa = PBXGroup;
			children = (
				8809DCF394A7720495D2C6D9 /* Pods-HealthHelper.debug.xcconfig */,
				B864817EC2CB9CA234571E2C /* Pods-HealthHelper.release.xcconfig */,
			);
			name = Pods;
			sourceTree = "<group>";
		};
		920FBA2C1E9832B40082AF6F /* CoreData */ = {
			isa = PBXGroup;
			children = (
				920FBA3C1E9835840082AF6F /* Model */,
				920FBA2D1E9832B40082AF6F /* HealthHelper.xcdatamodeld */,
			);
			path = CoreData;
			sourceTree = "<group>";
		};
		920FBA3C1E9835840082AF6F /* Model */ = {
			isa = PBXGroup;
			children = (
				920FBA3D1E9835840082AF6F /* Human */,
				920FBA401E9835840082AF6F /* Machine */,
			);
			path = Model;
			sourceTree = "<group>";
		};
		920FBA3D1E9835840082AF6F /* Human */ = {
			isa = PBXGroup;
			children = (
				920FBA3E1E9835840082AF6F /* HHUserManagedModel.h */,
				920FBA3F1E9835840082AF6F /* HHUserManagedModel.m */,
			);
			path = Human;
			sourceTree = "<group>";
		};
		920FBA401E9835840082AF6F /* Machine */ = {
			isa = PBXGroup;
			children = (
				920FBA411E9835840082AF6F /* _HHUserManagedModel.h */,
				920FBA421E9835840082AF6F /* _HHUserManagedModel.m */,
			);
			path = Machine;
			sourceTree = "<group>";
		};
		92B334FD1E98029E0062538C /* HealthHelperCore */ = {
			isa = PBXGroup;
			children = (
				920FBA2C1E9832B40082AF6F /* CoreData */,
				92B334FF1E98029E0062538C /* Manager */,
			);
			path = HealthHelperCore;
			sourceTree = "<group>";
		};
		92B334FF1E98029E0062538C /* Manager */ = {
			isa = PBXGroup;
			children = (
				92B335031E9804A10062538C /* MSDataManagerConstants.h */,
				920FBA1A1E9809E80082AF6F /* MSDataManagerProtocols.h */,
				92B335001E9803050062538C /* MSDataManager.h */,
				92B335011E9803050062538C /* MSDataManager.m */,
				920FBA1B1E980CCA0082AF6F /* MSDataManager+Setup.h */,
				920FBA1C1E980CCA0082AF6F /* MSDataManager+Setup.m */,
				920FBA1E1E9815D60082AF6F /* MSDataManager+Private.h */,
				920FBA1F1E9815D60082AF6F /* MSDataManager+Private.m */,
			);
			path = Manager;
			sourceTree = "<group>";
		};
		F320A326ADFB84C8187EB4BC /* Frameworks */ = {
			isa = PBXGroup;
			children = (
				E293BBF818D0AD957A737451 /* libPods-HealthHelper.a */,
			);
			name = Frameworks;
			sourceTree = "<group>";
		};
/* End PBXGroup section */

/* Begin PBXNativeTarget section */
		08C4C24A1E97C5E600C0CE77 /* HealthHelper */ = {
			isa = PBXNativeTarget;
			buildConfigurationList = 08C4C2621E97C5E600C0CE77 /* Build configuration list for PBXNativeTarget "HealthHelper" */;
			buildPhases = (
				245E2D49C922D9AB9EAECFC7 /* [CP] Check Pods Manifest.lock */,
				08C4C2471E97C5E600C0CE77 /* Sources */,
				08C4C2481E97C5E600C0CE77 /* Frameworks */,
				08C4C2491E97C5E600C0CE77 /* Resources */,
				28E957061F6EBF4B26EDE357 /* [CP] Embed Pods Frameworks */,
				60398723D8D04D6258C72709 /* [CP] Copy Pods Resources */,
			);
			buildRules = (
			);
			dependencies = (
			);
			name = HealthHelper;
			productName = HealthHelper;
			productReference = 08C4C24B1E97C5E600C0CE77 /* HealthHelper.app */;
			productType = "com.apple.product-type.application";
		};
/* End PBXNativeTarget section */

/* Begin PBXProject section */
		08C4C2431E97C5E600C0CE77 /* Project object */ = {
			isa = PBXProject;
			attributes = {
				LastUpgradeCheck = 0830;
				ORGANIZATIONNAME = "Maksym Savisko";
				TargetAttributes = {
					08C4C24A1E97C5E600C0CE77 = {
						CreatedOnToolsVersion = 8.3;
						DevelopmentTeam = 4KQC9K68AM;
						ProvisioningStyle = Automatic;
					};
				};
			};
			buildConfigurationList = 08C4C2461E97C5E600C0CE77 /* Build configuration list for PBXProject "HealthHelper" */;
			compatibilityVersion = "Xcode 3.2";
			developmentRegion = English;
			hasScannedForEncodings = 0;
			knownRegions = (
				en,
				Base,
			);
			mainGroup = 08C4C2421E97C5E600C0CE77;
			productRefGroup = 08C4C24C1E97C5E600C0CE77 /* Products */;
			projectDirPath = "";
			projectRoot = "";
			targets = (
				08C4C24A1E97C5E600C0CE77 /* HealthHelper */,
			);
		};
/* End PBXProject section */

/* Begin PBXResourcesBuildPhase section */
		08C4C2491E97C5E600C0CE77 /* Resources */ = {
			isa = PBXResourcesBuildPhase;
			buildActionMask = 2147483647;
			files = (
				08C4C2761E97C71000C0CE77 /* LaunchScreen.storyboard in Resources */,
				08C4C2741E97C71000C0CE77 /* Assets.xcassets in Resources */,
				0865A5F81E9B62160081A7B0 /* LICENSE in Resources */,
				08C4C2781E97C71000C0CE77 /* Main.storyboard in Resources */,
			);
			runOnlyForDeploymentPostprocessing = 0;
		};
/* End PBXResourcesBuildPhase section */

/* Begin PBXShellScriptBuildPhase section */
		245E2D49C922D9AB9EAECFC7 /* [CP] Check Pods Manifest.lock */ = {
			isa = PBXShellScriptBuildPhase;
			buildActionMask = 2147483647;
			files = (
			);
			inputPaths = (
			);
			name = "[CP] Check Pods Manifest.lock";
			outputPaths = (
			);
			runOnlyForDeploymentPostprocessing = 0;
			shellPath = /bin/sh;
			shellScript = "diff \"${PODS_ROOT}/../Podfile.lock\" \"${PODS_ROOT}/Manifest.lock\" > /dev/null\nif [ $? != 0 ] ; then\n    # print error to STDERR\n    echo \"error: The sandbox is not in sync with the Podfile.lock. Run 'pod install' or update your CocoaPods installation.\" >&2\n    exit 1\nfi\n";
			showEnvVarsInLog = 0;
		};
		28E957061F6EBF4B26EDE357 /* [CP] Embed Pods Frameworks */ = {
			isa = PBXShellScriptBuildPhase;
			buildActionMask = 2147483647;
			files = (
			);
			inputPaths = (
			);
			name = "[CP] Embed Pods Frameworks";
			outputPaths = (
			);
			runOnlyForDeploymentPostprocessing = 0;
			shellPath = /bin/sh;
			shellScript = "\"${SRCROOT}/Pods/Target Support Files/Pods-HealthHelper/Pods-HealthHelper-frameworks.sh\"\n";
			showEnvVarsInLog = 0;
		};
		60398723D8D04D6258C72709 /* [CP] Copy Pods Resources */ = {
			isa = PBXShellScriptBuildPhase;
			buildActionMask = 2147483647;
			files = (
			);
			inputPaths = (
			);
			name = "[CP] Copy Pods Resources";
			outputPaths = (
			);
			runOnlyForDeploymentPostprocessing = 0;
			shellPath = /bin/sh;
			shellScript = "\"${SRCROOT}/Pods/Target Support Files/Pods-HealthHelper/Pods-HealthHelper-resources.sh\"\n";
			showEnvVarsInLog = 0;
		};
/* End PBXShellScriptBuildPhase section */

/* Begin PBXSourcesBuildPhase section */
		08C4C2471E97C5E600C0CE77 /* Sources */ = {
			isa = PBXSourcesBuildPhase;
			buildActionMask = 2147483647;
			files = (
				920FBA431E9835840082AF6F /* HHUserManagedModel.m in Sources */,
				08C4C2731E97C71000C0CE77 /* ViewController.m in Sources */,
				920FBA1D1E980CCA0082AF6F /* MSDataManager+Setup.m in Sources */,
				08817F441E97D280001BF679 /* MSRequestToken.m in Sources */,
				08817F411E97D198001BF679 /* MSRequestManager.m in Sources */,
				08C4C2771E97C71000C0CE77 /* main.m in Sources */,
				920FBA301E9832B40082AF6F /* HealthHelper.xcdatamodeld in Sources */,
				08817F4A1E97D3BD001BF679 /* MSRequestResponse.m in Sources */,
				920FBA441E9835840082AF6F /* _HHUserManagedModel.m in Sources */,
				920FBA201E9815D60082AF6F /* MSDataManager+Private.m in Sources */,
				0865A5FB1E9B62170081A7B0 /* RMAppReceipt.m in Sources */,
				92B335021E9803050062538C /* MSDataManager.m in Sources */,
				08C4C2721E97C71000C0CE77 /* AppDelegate.m in Sources */,
			);
			runOnlyForDeploymentPostprocessing = 0;
		};
/* End PBXSourcesBuildPhase section */

/* Begin XCBuildConfiguration section */
		08C4C2601E97C5E600C0CE77 /* Debug */ = {
			isa = XCBuildConfiguration;
			buildSettings = {
				ALWAYS_SEARCH_USER_PATHS = NO;
				CLANG_ANALYZER_NONNULL = YES;
				CLANG_ANALYZER_NUMBER_OBJECT_CONVERSION = YES_AGGRESSIVE;
				CLANG_CXX_LANGUAGE_STANDARD = "gnu++0x";
				CLANG_CXX_LIBRARY = "libc++";
				CLANG_ENABLE_MODULES = YES;
				CLANG_ENABLE_OBJC_ARC = YES;
				CLANG_WARN_BOOL_CONVERSION = YES;
				CLANG_WARN_CONSTANT_CONVERSION = YES;
				CLANG_WARN_DIRECT_OBJC_ISA_USAGE = YES_ERROR;
				CLANG_WARN_DOCUMENTATION_COMMENTS = YES;
				CLANG_WARN_EMPTY_BODY = YES;
				CLANG_WARN_ENUM_CONVERSION = YES;
				CLANG_WARN_INFINITE_RECURSION = YES;
				CLANG_WARN_INT_CONVERSION = YES;
				CLANG_WARN_OBJC_ROOT_CLASS = YES_ERROR;
				CLANG_WARN_SUSPICIOUS_MOVE = YES;
				CLANG_WARN_UNREACHABLE_CODE = YES;
				CLANG_WARN__DUPLICATE_METHOD_MATCH = YES;
				"CODE_SIGN_IDENTITY[sdk=iphoneos*]" = "iPhone Developer";
				COPY_PHASE_STRIP = NO;
				DEBUG_INFORMATION_FORMAT = dwarf;
				ENABLE_STRICT_OBJC_MSGSEND = YES;
				ENABLE_TESTABILITY = YES;
				GCC_C_LANGUAGE_STANDARD = gnu99;
				GCC_DYNAMIC_NO_PIC = NO;
				GCC_NO_COMMON_BLOCKS = YES;
				GCC_OPTIMIZATION_LEVEL = 0;
				GCC_PREPROCESSOR_DEFINITIONS = (
					"DEBUG=1",
					"$(inherited)",
				);
				GCC_WARN_64_TO_32_BIT_CONVERSION = YES;
				GCC_WARN_ABOUT_RETURN_TYPE = YES_ERROR;
				GCC_WARN_UNDECLARED_SELECTOR = YES;
				GCC_WARN_UNINITIALIZED_AUTOS = YES_AGGRESSIVE;
				GCC_WARN_UNUSED_FUNCTION = YES;
				GCC_WARN_UNUSED_VARIABLE = YES;
				IPHONEOS_DEPLOYMENT_TARGET = 10.3;
				MTL_ENABLE_DEBUG_INFO = YES;
				ONLY_ACTIVE_ARCH = YES;
				SDKROOT = iphoneos;
			};
			name = Debug;
		};
		08C4C2611E97C5E600C0CE77 /* Release */ = {
			isa = XCBuildConfiguration;
			buildSettings = {
				ALWAYS_SEARCH_USER_PATHS = NO;
				CLANG_ANALYZER_NONNULL = YES;
				CLANG_ANALYZER_NUMBER_OBJECT_CONVERSION = YES_AGGRESSIVE;
				CLANG_CXX_LANGUAGE_STANDARD = "gnu++0x";
				CLANG_CXX_LIBRARY = "libc++";
				CLANG_ENABLE_MODULES = YES;
				CLANG_ENABLE_OBJC_ARC = YES;
				CLANG_WARN_BOOL_CONVERSION = YES;
				CLANG_WARN_CONSTANT_CONVERSION = YES;
				CLANG_WARN_DIRECT_OBJC_ISA_USAGE = YES_ERROR;
				CLANG_WARN_DOCUMENTATION_COMMENTS = YES;
				CLANG_WARN_EMPTY_BODY = YES;
				CLANG_WARN_ENUM_CONVERSION = YES;
				CLANG_WARN_INFINITE_RECURSION = YES;
				CLANG_WARN_INT_CONVERSION = YES;
				CLANG_WARN_OBJC_ROOT_CLASS = YES_ERROR;
				CLANG_WARN_SUSPICIOUS_MOVE = YES;
				CLANG_WARN_UNREACHABLE_CODE = YES;
				CLANG_WARN__DUPLICATE_METHOD_MATCH = YES;
				"CODE_SIGN_IDENTITY[sdk=iphoneos*]" = "iPhone Developer";
				COPY_PHASE_STRIP = NO;
				DEBUG_INFORMATION_FORMAT = "dwarf-with-dsym";
				ENABLE_NS_ASSERTIONS = NO;
				ENABLE_STRICT_OBJC_MSGSEND = YES;
				GCC_C_LANGUAGE_STANDARD = gnu99;
				GCC_NO_COMMON_BLOCKS = YES;
				GCC_WARN_64_TO_32_BIT_CONVERSION = YES;
				GCC_WARN_ABOUT_RETURN_TYPE = YES_ERROR;
				GCC_WARN_UNDECLARED_SELECTOR = YES;
				GCC_WARN_UNINITIALIZED_AUTOS = YES_AGGRESSIVE;
				GCC_WARN_UNUSED_FUNCTION = YES;
				GCC_WARN_UNUSED_VARIABLE = YES;
				IPHONEOS_DEPLOYMENT_TARGET = 10.3;
				MTL_ENABLE_DEBUG_INFO = NO;
				SDKROOT = iphoneos;
				VALIDATE_PRODUCT = YES;
			};
			name = Release;
		};
		08C4C2631E97C5E600C0CE77 /* Debug */ = {
			isa = XCBuildConfiguration;
			baseConfigurationReference = 8809DCF394A7720495D2C6D9 /* Pods-HealthHelper.debug.xcconfig */;
			buildSettings = {
				ASSETCATALOG_COMPILER_APPICON_NAME = AppIcon;
				DEVELOPMENT_TEAM = 4KQC9K68AM;
				INFOPLIST_FILE = "$(SRCROOT)/HealthHelper/Supporting Files/Info.plist";
				IPHONEOS_DEPLOYMENT_TARGET = 9.0;
				LD_RUNPATH_SEARCH_PATHS = "$(inherited) @executable_path/Frameworks";
				LIBRARY_SEARCH_PATHS = (
					"$(inherited)",
					"$(PROJECT_DIR)/HealthHelper/Source/StoreManager/openssl-1.0.1e/lib",
					"$(PROJECT_DIR)/HealthHelper/Source/StoreManager/3rdPartyLibraries/openssl-1.0.1e/lib",
				);
				PRODUCT_BUNDLE_IDENTIFIER = com.MaksymSavisko.HealthHelper;
				PRODUCT_NAME = "$(TARGET_NAME)";
			};
			name = Debug;
		};
		08C4C2641E97C5E600C0CE77 /* Release */ = {
			isa = XCBuildConfiguration;
			baseConfigurationReference = B864817EC2CB9CA234571E2C /* Pods-HealthHelper.release.xcconfig */;
			buildSettings = {
				ASSETCATALOG_COMPILER_APPICON_NAME = AppIcon;
				DEVELOPMENT_TEAM = 4KQC9K68AM;
				INFOPLIST_FILE = "$(SRCROOT)/HealthHelper/Supporting Files/Info.plist";
				IPHONEOS_DEPLOYMENT_TARGET = 9.0;
				LD_RUNPATH_SEARCH_PATHS = "$(inherited) @executable_path/Frameworks";
				LIBRARY_SEARCH_PATHS = (
					"$(inherited)",
					"$(PROJECT_DIR)/HealthHelper/Source/StoreManager/openssl-1.0.1e/lib",
					"$(PROJECT_DIR)/HealthHelper/Source/StoreManager/3rdPartyLibraries/openssl-1.0.1e/lib",
				);
				PRODUCT_BUNDLE_IDENTIFIER = com.MaksymSavisko.HealthHelper;
				PRODUCT_NAME = "$(TARGET_NAME)";
			};
			name = Release;
		};
/* End XCBuildConfiguration section */

/* Begin XCConfigurationList section */
		08C4C2461E97C5E600C0CE77 /* Build configuration list for PBXProject "HealthHelper" */ = {
			isa = XCConfigurationList;
			buildConfigurations = (
				08C4C2601E97C5E600C0CE77 /* Debug */,
				08C4C2611E97C5E600C0CE77 /* Release */,
			);
			defaultConfigurationIsVisible = 0;
			defaultConfigurationName = Release;
		};
		08C4C2621E97C5E600C0CE77 /* Build configuration list for PBXNativeTarget "HealthHelper" */ = {
			isa = XCConfigurationList;
			buildConfigurations = (
				08C4C2631E97C5E600C0CE77 /* Debug */,
				08C4C2641E97C5E600C0CE77 /* Release */,
			);
			defaultConfigurationIsVisible = 0;
			defaultConfigurationName = Release;
		};
/* End XCConfigurationList section */

/* Begin XCVersionGroup section */
		920FBA2D1E9832B40082AF6F /* HealthHelper.xcdatamodeld */ = {
			isa = XCVersionGroup;
			children = (
				920FBA321E9832D30082AF6F /* HealthHelper v1.1.xcdatamodel */,
				920FBA2E1E9832B40082AF6F /* HealthHelper.xcdatamodel */,
			);
			currentVersion = 920FBA2E1E9832B40082AF6F /* HealthHelper.xcdatamodel */;
			path = HealthHelper.xcdatamodeld;
			sourceTree = "<group>";
			versionGroupType = wrapper.xcdatamodel;
		};
/* End XCVersionGroup section */
	};
	rootObject = 08C4C2431E97C5E600C0CE77 /* Project object */;
}
